
Microsoft Visual Studio Solution File, Format Version 12.00
# Visual Studio Version 17
VisualStudioVersion = 17.8.34525.116
MinimumVisualStudioVersion = 10.0.40219.1
Project("{FAE04EC0-301F-11D3-BF4B-00C04F79EFBC}") = "Video_Player", "Video_Player.csproj", "{3CA19687-36FA-47AB-BB7D-652AD48CEF4A}"
EndProject
Global
	GlobalSection(SolutionConfigurationPlatforms) = preSolution
		Debug|Any CPU = Debug|Any CPU
		Release|Any CPU = Release|Any CPU
	EndGlobalSection
	GlobalSection(ProjectConfigurationPlatforms) = postSolution
		{3CA19687-36FA-47AB-BB7D-652AD48CEF4A}.Debug|Any CPU.ActiveCfg = Debug|Any CPU
		{3CA19687-36FA-47AB-BB7D-652AD48CEF4A}.Debug|Any CPU.Build.0 = Debug|Any CPU
		{3CA19687-36FA-47AB-BB7D-652AD48CEF4A}.Release|Any CPU.ActiveCfg = Release|Any CPU
		{3CA19687-36FA-47AB-BB7D-652AD48CEF4A}.Release|Any CPU.Build.0 = Release|Any CPU
	EndGlobalSection
	GlobalSection(SolutionProperties) = preSolution
		HideSolutionNode = FALSE
	EndGlobalSection
	GlobalSection(ExtensibilityGlobals) = postSolution
		SolutionGuid = {A9BE1308-DB5C-47B5-874D-E0867CE6E91B}
	EndGlobalSection
EndGlobal
