
Microsoft Visual Studio Solution File, Format Version 12.00
# Visual Studio Version 17
VisualStudioVersion = 17.8.34525.116
MinimumVisualStudioVersion = 10.0.40219.1
Project("{FAE04EC0-301F-11D3-BF4B-00C04F79EFBC}") = "WpfApp1", "WpfApp1.csproj", "{FF7A38D2-1538-411E-8E00-78BBA34C19B8}"
EndProject
Global
	GlobalSection(SolutionConfigurationPlatforms) = preSolution
		Debug|Any CPU = Debug|Any CPU
		Release|Any CPU = Release|Any CPU
	EndGlobalSection
	GlobalSection(ProjectConfigurationPlatforms) = postSolution
		{FF7A38D2-1538-411E-8E00-78BBA34C19B8}.Debug|Any CPU.ActiveCfg = Debug|Any CPU
		{FF7A38D2-1538-411E-8E00-78BBA34C19B8}.Debug|Any CPU.Build.0 = Debug|Any CPU
		{FF7A38D2-1538-411E-8E00-78BBA34C19B8}.Release|Any CPU.ActiveCfg = Release|Any CPU
		{FF7A38D2-1538-411E-8E00-78BBA34C19B8}.Release|Any CPU.Build.0 = Release|Any CPU
	EndGlobalSection
	GlobalSection(SolutionProperties) = preSolution
		HideSolutionNode = FALSE
	EndGlobalSection
	GlobalSection(ExtensibilityGlobals) = postSolution
		SolutionGuid = {FFD30472-366D-4B74-BEB0-9892AE5B2FEB}
	EndGlobalSection
EndGlobal
